
Microsoft Visual Studio Solution File, Format Version 12.00
# Visual Studio Version 17
VisualStudioVersion = 17.3.32825.248
MinimumVisualStudioVersion = 10.0.40219.1
Project("{FAE04EC0-301F-11D3-BF4B-00C04F79EFBC}") = "GithubService", "GithubService\GithubService.csproj", "{C9E4EE38-2E90-4576-9515-D612A29A027C}"
EndProject
Project("{FAE04EC0-301F-11D3-BF4B-00C04F79EFBC}") = "GitHubApi", "GitHubApi\GitHubApi.csproj", "{7E451F3D-D52F-4288-9CBE-CEAAEA0C0B1C}"
EndProject
Global
	GlobalSection(SolutionConfigurationPlatforms) = preSolution
		Debug|Any CPU = Debug|Any CPU
		Release|Any CPU = Release|Any CPU
	EndGlobalSection
	GlobalSection(ProjectConfigurationPlatforms) = postSolution
		{C9E4EE38-2E90-4576-9515-D612A29A027C}.Debug|Any CPU.ActiveCfg = Debug|Any CPU
		{C9E4EE38-2E90-4576-9515-D612A29A027C}.Debug|Any CPU.Build.0 = Debug|Any CPU
		{C9E4EE38-2E90-4576-9515-D612A29A027C}.Release|Any CPU.ActiveCfg = Release|Any CPU
		{C9E4EE38-2E90-4576-9515-D612A29A027C}.Release|Any CPU.Build.0 = Release|Any CPU
		{7E451F3D-D52F-4288-9CBE-CEAAEA0C0B1C}.Debug|Any CPU.ActiveCfg = Debug|Any CPU
		{7E451F3D-D52F-4288-9CBE-CEAAEA0C0B1C}.Debug|Any CPU.Build.0 = Debug|Any CPU
		{7E451F3D-D52F-4288-9CBE-CEAAEA0C0B1C}.Release|Any CPU.ActiveCfg = Release|Any CPU
		{7E451F3D-D52F-4288-9CBE-CEAAEA0C0B1C}.Release|Any CPU.Build.0 = Release|Any CPU
	EndGlobalSection
	GlobalSection(SolutionProperties) = preSolution
		HideSolutionNode = FALSE
	EndGlobalSection
	GlobalSection(ExtensibilityGlobals) = postSolution
		SolutionGuid = {49CBCAB8-A977-4EB2-A924-FCC3AE5CCDBB}
	EndGlobalSection
EndGlobal
